
Microsoft Visual Studio Solution File, Format Version 12.00
# Visual Studio Version 17
VisualStudioVersion = 17.9.34714.143
MinimumVisualStudioVersion = 10.0.40219.1
Project("{FAE04EC0-301F-11D3-BF4B-00C04F79EFBC}") = "StudentManager", "StudentManager\StudentManager.csproj", "{32BC70C3-9FD5-4309-B693-F60851D5D88A}"
EndProject
Project("{FAE04EC0-301F-11D3-BF4B-00C04F79EFBC}") = "Entities", "Entities\Entities.csproj", "{94C0BB9F-6AC5-45F5-9042-9ABEE44DA02E}"
EndProject
Global
	GlobalSection(SolutionConfigurationPlatforms) = preSolution
		Debug|Any CPU = Debug|Any CPU
		Release|Any CPU = Release|Any CPU
	EndGlobalSection
	GlobalSection(ProjectConfigurationPlatforms) = postSolution
		{32BC70C3-9FD5-4309-B693-F60851D5D88A}.Debug|Any CPU.ActiveCfg = Debug|Any CPU
		{32BC70C3-9FD5-4309-B693-F60851D5D88A}.Debug|Any CPU.Build.0 = Debug|Any CPU
		{32BC70C3-9FD5-4309-B693-F60851D5D88A}.Release|Any CPU.ActiveCfg = Release|Any CPU
		{32BC70C3-9FD5-4309-B693-F60851D5D88A}.Release|Any CPU.Build.0 = Release|Any CPU
		{94C0BB9F-6AC5-45F5-9042-9ABEE44DA02E}.Debug|Any CPU.ActiveCfg = Debug|Any CPU
		{94C0BB9F-6AC5-45F5-9042-9ABEE44DA02E}.Debug|Any CPU.Build.0 = Debug|Any CPU
		{94C0BB9F-6AC5-45F5-9042-9ABEE44DA02E}.Release|Any CPU.ActiveCfg = Release|Any CPU
		{94C0BB9F-6AC5-45F5-9042-9ABEE44DA02E}.Release|Any CPU.Build.0 = Release|Any CPU
	EndGlobalSection
	GlobalSection(SolutionProperties) = preSolution
		HideSolutionNode = FALSE
	EndGlobalSection
	GlobalSection(ExtensibilityGlobals) = postSolution
		SolutionGuid = {98EAEE5B-FECB-4526-AFCC-E312C468C43E}
	EndGlobalSection
EndGlobal
